// !$*UTF8*$!
{
	archiveVersion = 1;
	classes = {
	};
	objectVersion = 77;
	objects = {

/* Begin PBXBuildFile section */
		71C082972DE8BBB800CE6277 /* CucumberSwift in Frameworks */ = {isa = PBXBuildFile; productRef = 71C082962DE8BBB800CE6277 /* CucumberSwift */; };
/* End PBXBuildFile section */

/* Begin PBXContainerItemProxy section */
		71C082672DE89C8B00CE6277 /* PBXContainerItemProxy */ = {
			isa = PBXContainerItemProxy;
			containerPortal = 71C082482DE89C8900CE6277 /* Project object */;
			proxyType = 1;
			remoteGlobalIDString = 71C0824F2DE89C8900CE6277;
			remoteInfo = CucumberSwiftDemo;
		};
		71C082712DE89C8B00CE6277 /* PBXContainerItemProxy */ = {
			isa = PBXContainerItemProxy;
			containerPortal = 71C082482DE89C8900CE6277 /* Project object */;
			proxyType = 1;
			remoteGlobalIDString = 71C0824F2DE89C8900CE6277;
			remoteInfo = CucumberSwiftDemo;
		};
/* End PBXContainerItemProxy section */

/* Begin PBXFileReference section */
		71C082502DE89C8900CE6277 /* CucumberSwiftDemo.app */ = {isa = PBXFileReference; explicitFileType = wrapper.application; includeInIndex = 0; path = CucumberSwiftDemo.app; sourceTree = BUILT_PRODUCTS_DIR; };
		71C082662DE89C8B00CE6277 /* CucumberSwiftDemoTests.xctest */ = {isa = PBXFileReference; explicitFileType = wrapper.cfbundle; includeInIndex = 0; path = CucumberSwiftDemoTests.xctest; sourceTree = BUILT_PRODUCTS_DIR; };
		71C082702DE89C8B00CE6277 /* CucumberSwiftDemoUITests.xctest */ = {isa = PBXFileReference; explicitFileType = wrapper.cfbundle; includeInIndex = 0; path = CucumberSwiftDemoUITests.xctest; sourceTree = BUILT_PRODUCTS_DIR; };
/* End PBXFileReference section */

/* Begin PBXFileSystemSynchronizedBuildFileExceptionSet section */
		71C082782DE89C8B00CE6277 /* Exceptions for "CucumberSwiftDemo" folder in "CucumberSwiftDemo" target */ = {
			isa = PBXFileSystemSynchronizedBuildFileExceptionSet;
			membershipExceptions = (
				Info.plist,
			);
			target = 71C0824F2DE89C8900CE6277 /* CucumberSwiftDemo */;
		};
		71C082A92DE8EB2500CE6277 /* Exceptions for "CucumberSwiftDemoUITests" folder in "CucumberSwiftDemoUITests" target */ = {
			isa = PBXFileSystemSynchronizedBuildFileExceptionSet;
			membershipExceptions = (
				Info.plist,
			);
			target = 71C0826F2DE89C8B00CE6277 /* CucumberSwiftDemoUITests */;
		};
/* End PBXFileSystemSynchronizedBuildFileExceptionSet section */

/* Begin PBXFileSystemSynchronizedRootGroup section */
		71C082522DE89C8900CE6277 /* CucumberSwiftDemo */ = {
			isa = PBXFileSystemSynchronizedRootGroup;
			exceptions = (
				71C082782DE89C8B00CE6277 /* Exceptions for "CucumberSwiftDemo" folder in "CucumberSwiftDemo" target */,
			);
			path = CucumberSwiftDemo;
			sourceTree = "<group>";
		};
		71C082692DE89C8B00CE6277 /* CucumberSwiftDemoTests */ = {
			isa = PBXFileSystemSynchronizedRootGroup;
			path = CucumberSwiftDemoTests;
			sourceTree = "<group>";
		};
		71C082732DE89C8B00CE6277 /* CucumberSwiftDemoUITests */ = {
			isa = PBXFileSystemSynchronizedRootGroup;
			exceptions = (
				71C082A92DE8EB2500CE6277 /* Exceptions for "CucumberSwiftDemoUITests" folder in "CucumberSwiftDemoUITests" target */,
			);
			explicitFolders = (
				Features,
			);
			path = CucumberSwiftDemoUITests;
			sourceTree = "<group>";
		};
/* End PBXFileSystemSynchronizedRootGroup section */

/* Begin PBXFrameworksBuildPhase section */
		71C0824D2DE89C8900CE6277 /* Frameworks */ = {
			isa = PBXFrameworksBuildPhase;
			buildActionMask = 2147483647;
			files = (
			);
			runOnlyForDeploymentPostprocessing = 0;
		};
		71C082632DE89C8B00CE6277 /* Frameworks */ = {
			isa = PBXFrameworksBuildPhase;
			buildActionMask = 2147483647;
			files = (
			);
			runOnlyForDeploymentPostprocessing = 0;
		};
		71C0826D2DE89C8B00CE6277 /* Frameworks */ = {
			isa = PBXFrameworksBuildPhase;
			buildActionMask = 2147483647;
			files = (
				71C082972DE8BBB800CE6277 /* CucumberSwift in Frameworks */,
			);
			runOnlyForDeploymentPostprocessing = 0;
		};
/* End PBXFrameworksBuildPhase section */

/* Begin PBXGroup section */
		71C082472DE89C8900CE6277 = {
			isa = PBXGroup;
			children = (
				71C082522DE89C8900CE6277 /* CucumberSwiftDemo */,
				71C082692DE89C8B00CE6277 /* CucumberSwiftDemoTests */,
				71C082732DE89C8B00CE6277 /* CucumberSwiftDemoUITests */,
				71C0828F2DE8B55600CE6277 /* Frameworks */,
				71C082512DE89C8900CE6277 /* Products */,
			);
			sourceTree = "<group>";
		};
		71C082512DE89C8900CE6277 /* Products */ = {
			isa = PBXGroup;
			children = (
				71C082502DE89C8900CE6277 /* CucumberSwiftDemo.app */,
				71C082662DE89C8B00CE6277 /* CucumberSwiftDemoTests.xctest */,
				71C082702DE89C8B00CE6277 /* CucumberSwiftDemoUITests.xctest */,
			);
			name = Products;
			sourceTree = "<group>";
		};
		71C0828F2DE8B55600CE6277 /* Frameworks */ = {
			isa = PBXGroup;
			children = (
			);
			name = Frameworks;
			sourceTree = "<group>";
		};
/* End PBXGroup section */

/* Begin PBXNativeTarget section */
		71C0824F2DE89C8900CE6277 /* CucumberSwiftDemo */ = {
			isa = PBXNativeTarget;
			buildConfigurationList = 71C082792DE89C8B00CE6277 /* Build configuration list for PBXNativeTarget "CucumberSwiftDemo" */;
			buildPhases = (
				71C0824C2DE89C8900CE6277 /* Sources */,
				71C0824D2DE89C8900CE6277 /* Frameworks */,
				71C0824E2DE89C8900CE6277 /* Resources */,
			);
			buildRules = (
			);
			dependencies = (
			);
			fileSystemSynchronizedGroups = (
				71C082522DE89C8900CE6277 /* CucumberSwiftDemo */,
			);
			name = CucumberSwiftDemo;
			packageProductDependencies = (
			);
			productName = CucumberSwiftDemo;
			productReference = 71C082502DE89C8900CE6277 /* CucumberSwiftDemo.app */;
			productType = "com.apple.product-type.application";
		};
		71C082652DE89C8B00CE6277 /* CucumberSwiftDemoTests */ = {
			isa = PBXNativeTarget;
			buildConfigurationList = 71C0827E2DE89C8B00CE6277 /* Build configuration list for PBXNativeTarget "CucumberSwiftDemoTests" */;
			buildPhases = (
				71C082622DE89C8B00CE6277 /* Sources */,
				71C082632DE89C8B00CE6277 /* Frameworks */,
				71C082642DE89C8B00CE6277 /* Resources */,
			);
			buildRules = (
			);
			dependencies = (
				71C082682DE89C8B00CE6277 /* PBXTargetDependency */,
			);
			fileSystemSynchronizedGroups = (
				71C082692DE89C8B00CE6277 /* CucumberSwiftDemoTests */,
			);
			name = CucumberSwiftDemoTests;
			packageProductDependencies = (
			);
			productName = CucumberSwiftDemoTests;
			productReference = 71C082662DE89C8B00CE6277 /* CucumberSwiftDemoTests.xctest */;
			productType = "com.apple.product-type.bundle.unit-test";
		};
		71C0826F2DE89C8B00CE6277 /* CucumberSwiftDemoUITests */ = {
			isa = PBXNativeTarget;
			buildConfigurationList = 71C082812DE89C8B00CE6277 /* Build configuration list for PBXNativeTarget "CucumberSwiftDemoUITests" */;
			buildPhases = (
				71C0826C2DE89C8B00CE6277 /* Sources */,
				71C0826D2DE89C8B00CE6277 /* Frameworks */,
				71C0826E2DE89C8B00CE6277 /* Resources */,
			);
			buildRules = (
			);
			dependencies = (
				71C082722DE89C8B00CE6277 /* PBXTargetDependency */,
			);
			fileSystemSynchronizedGroups = (
				71C082732DE89C8B00CE6277 /* CucumberSwiftDemoUITests */,
			);
			name = CucumberSwiftDemoUITests;
			packageProductDependencies = (
				71C082962DE8BBB800CE6277 /* CucumberSwift */,
			);
			productName = CucumberSwiftDemoUITests;
			productReference = 71C082702DE89C8B00CE6277 /* CucumberSwiftDemoUITests.xctest */;
			productType = "com.apple.product-type.bundle.ui-testing";
		};
/* End PBXNativeTarget section */

/* Begin PBXProject section */
		71C082482DE89C8900CE6277 /* Project object */ = {
			isa = PBXProject;
			attributes = {
				BuildIndependentTargetsInParallel = 1;
				LastSwiftUpdateCheck = 1620;
				LastUpgradeCheck = 1620;
				TargetAttributes = {
					71C0824F2DE89C8900CE6277 = {
						CreatedOnToolsVersion = 16.2;
					};
					71C082652DE89C8B00CE6277 = {
						CreatedOnToolsVersion = 16.2;
						TestTargetID = 71C0824F2DE89C8900CE6277;
					};
					71C0826F2DE89C8B00CE6277 = {
						CreatedOnToolsVersion = 16.2;
						LastSwiftMigration = 1620;
						TestTargetID = 71C0824F2DE89C8900CE6277;
					};
				};
			};
			buildConfigurationList = 71C0824B2DE89C8900CE6277 /* Build configuration list for PBXProject "CucumberSwiftDemo" */;
			developmentRegion = en;
			hasScannedForEncodings = 0;
			knownRegions = (
				en,
				Base,
			);
			mainGroup = 71C082472DE89C8900CE6277;
			minimizedProjectReferenceProxies = 1;
			packageReferences = (
				71C082952DE8BBB800CE6277 /* XCRemoteSwiftPackageReference "CucumberSwift" */,
			);
			preferredProjectObjectVersion = 77;
			productRefGroup = 71C082512DE89C8900CE6277 /* Products */;
			projectDirPath = "";
			projectRoot = "";
			targets = (
				71C0824F2DE89C8900CE6277 /* CucumberSwiftDemo */,
				71C082652DE89C8B00CE6277 /* CucumberSwiftDemoTests */,
				71C0826F2DE89C8B00CE6277 /* CucumberSwiftDemoUITests */,
			);
		};
/* End PBXProject section */

/* Begin PBXResourcesBuildPhase section */
		71C0824E2DE89C8900CE6277 /* Resources */ = {
			isa = PBXResourcesBuildPhase;
			buildActionMask = 2147483647;
			files = (
			);
			runOnlyForDeploymentPostprocessing = 0;
		};
		71C082642DE89C8B00CE6277 /* Resources */ = {
			isa = PBXResourcesBuildPhase;
			buildActionMask = 2147483647;
			files = (
			);
			runOnlyForDeploymentPostprocessing = 0;
		};
		71C0826E2DE89C8B00CE6277 /* Resources */ = {
			isa = PBXResourcesBuildPhase;
			buildActionMask = 2147483647;
			files = (
			);
			runOnlyForDeploymentPostprocessing = 0;
		};
/* End PBXResourcesBuildPhase section */

/* Begin PBXSourcesBuildPhase section */
		71C0824C2DE89C8900CE6277 /* Sources */ = {
			isa = PBXSourcesBuildPhase;
			buildActionMask = 2147483647;
			files = (
			);
			runOnlyForDeploymentPostprocessing = 0;
		};
		71C082622DE89C8B00CE6277 /* Sources */ = {
			isa = PBXSourcesBuildPhase;
			buildActionMask = 2147483647;
			files = (
			);
			runOnlyForDeploymentPostprocessing = 0;
		};
		71C0826C2DE89C8B00CE6277 /* Sources */ = {
			isa = PBXSourcesBuildPhase;
			buildActionMask = 2147483647;
			files = (
			);
			runOnlyForDeploymentPostprocessing = 0;
		};
/* End PBXSourcesBuildPhase section */

/* Begin PBXTargetDependency section */
		71C082682DE89C8B00CE6277 /* PBXTargetDependency */ = {
			isa = PBXTargetDependency;
			target = 71C0824F2DE89C8900CE6277 /* CucumberSwiftDemo */;
			targetProxy = 71C082672DE89C8B00CE6277 /* PBXContainerItemProxy */;
		};
		71C082722DE89C8B00CE6277 /* PBXTargetDependency */ = {
			isa = PBXTargetDependency;
			target = 71C0824F2DE89C8900CE6277 /* CucumberSwiftDemo */;
			targetProxy = 71C082712DE89C8B00CE6277 /* PBXContainerItemProxy */;
		};
/* End PBXTargetDependency section */

/* Begin XCBuildConfiguration section */
		71C0827A2DE89C8B00CE6277 /* Debug */ = {
			isa = XCBuildConfiguration;
			buildSettings = {
				ASSETCATALOG_COMPILER_APPICON_NAME = AppIcon;
				ASSETCATALOG_COMPILER_GLOBAL_ACCENT_COLOR_NAME = AccentColor;
				CODE_SIGN_STYLE = Automatic;
				CURRENT_PROJECT_VERSION = 1;
				DEVELOPMENT_TEAM = 72TP2Z9K53;
				GENERATE_INFOPLIST_FILE = YES;
				INFOPLIST_FILE = CucumberSwiftDemo/Info.plist;
				INFOPLIST_KEY_UIApplicationSupportsIndirectInputEvents = YES;
				INFOPLIST_KEY_UILaunchStoryboardName = LaunchScreen;
				INFOPLIST_KEY_UIMainStoryboardFile = Main;
				INFOPLIST_KEY_UISupportedInterfaceOrientations_iPad = "UIInterfaceOrientationPortrait UIInterfaceOrientationPortraitUpsideDown UIInterfaceOrientationLandscapeLeft UIInterfaceOrientationLandscapeRight";
				INFOPLIST_KEY_UISupportedInterfaceOrientations_iPhone = "UIInterfaceOrientationPortrait UIInterfaceOrientationLandscapeLeft UIInterfaceOrientationLandscapeRight";
				LD_RUNPATH_SEARCH_PATHS = (
					"$(inherited)",
					"@executable_path/Frameworks",
				);
				MARKETING_VERSION = 1.0;
				PRODUCT_BUNDLE_IDENTIFIER = io.ONMYovel.CucumberSwiftDemo;
				PRODUCT_NAME = "$(TARGET_NAME)";
				SWIFT_EMIT_LOC_STRINGS = YES;
				SWIFT_VERSION = 5.0;
				TARGETED_DEVICE_FAMILY = "1,2";
			};
			name = Debug;
		};
		71C0827B2DE89C8B00CE6277 /* Release */ = {
			isa = XCBuildConfiguration;
			buildSettings = {
				ASSETCATALOG_COMPILER_APPICON_NAME = AppIcon;
				ASSETCATALOG_COMPILER_GLOBAL_ACCENT_COLOR_NAME = AccentColor;
				CODE_SIGN_STYLE = Automatic;
				CURRENT_PROJECT_VERSION = 1;
				DEVELOPMENT_TEAM = 72TP2Z9K53;
				GENERATE_INFOPLIST_FILE = YES;
				INFOPLIST_FILE = CucumberSwiftDemo/Info.plist;
				INFOPLIST_KEY_UIApplicationSupportsIndirectInputEvents = YES;
				INFOPLIST_KEY_UILaunchStoryboardName = LaunchScreen;
				INFOPLIST_KEY_UIMainStoryboardFile = Main;
				INFOPLIST_KEY_UISupportedInterfaceOrientations_iPad = "UIInterfaceOrientationPortrait UIInterfaceOrientationPortraitUpsideDown UIInterfaceOrientationLandscapeLeft UIInterfaceOrientationLandscapeRight";
				INFOPLIST_KEY_UISupportedInterfaceOrientations_iPhone = "UIInterfaceOrientationPortrait UIInterfaceOrientationLandscapeLeft UIInterfaceOrientationLandscapeRight";
				LD_RUNPATH_SEARCH_PATHS = (
					"$(inherited)",
					"@executable_path/Frameworks",
				);
				MARKETING_VERSION = 1.0;
				PRODUCT_BUNDLE_IDENTIFIER = io.ONMYovel.CucumberSwiftDemo;
				PRODUCT_NAME = "$(TARGET_NAME)";
				SWIFT_EMIT_LOC_STRINGS = YES;
				SWIFT_VERSION = 5.0;
				TARGETED_DEVICE_FAMILY = "1,2";
			};
			name = Release;
		};
		71C0827C2DE89C8B00CE6277 /* Debug */ = {
			isa = XCBuildConfiguration;
			buildSettings = {
				ALWAYS_SEARCH_USER_PATHS = NO;
				ASSETCATALOG_COMPILER_GENERATE_SWIFT_ASSET_SYMBOL_EXTENSIONS = YES;
				CLANG_ANALYZER_NONNULL = YES;
				CLANG_ANALYZER_NUMBER_OBJECT_CONVERSION = YES_AGGRESSIVE;
				CLANG_CXX_LANGUAGE_STANDARD = "gnu++20";
				CLANG_ENABLE_MODULES = YES;
				CLANG_ENABLE_OBJC_ARC = YES;
				CLANG_ENABLE_OBJC_WEAK = YES;
				CLANG_WARN_BLOCK_CAPTURE_AUTORELEASING = YES;
				CLANG_WARN_BOOL_CONVERSION = YES;
				CLANG_WARN_COMMA = YES;
				CLANG_WARN_CONSTANT_CONVERSION = YES;
				CLANG_WARN_DEPRECATED_OBJC_IMPLEMENTATIONS = YES;
				CLANG_WARN_DIRECT_OBJC_ISA_USAGE = YES_ERROR;
				CLANG_WARN_DOCUMENTATION_COMMENTS = YES;
				CLANG_WARN_EMPTY_BODY = YES;
				CLANG_WARN_ENUM_CONVERSION = YES;
				CLANG_WARN_INFINITE_RECURSION = YES;
				CLANG_WARN_INT_CONVERSION = YES;
				CLANG_WARN_NON_LITERAL_NULL_CONVERSION = YES;
				CLANG_WARN_OBJC_IMPLICIT_RETAIN_SELF = YES;
				CLANG_WARN_OBJC_LITERAL_CONVERSION = YES;
				CLANG_WARN_OBJC_ROOT_CLASS = YES_ERROR;
				CLANG_WARN_QUOTED_INCLUDE_IN_FRAMEWORK_HEADER = YES;
				CLANG_WARN_RANGE_LOOP_ANALYSIS = YES;
				CLANG_WARN_STRICT_PROTOTYPES = YES;
				CLANG_WARN_SUSPICIOUS_MOVE = YES;
				CLANG_WARN_UNGUARDED_AVAILABILITY = YES_AGGRESSIVE;
				CLANG_WARN_UNREACHABLE_CODE = YES;
				CLANG_WARN__DUPLICATE_METHOD_MATCH = YES;
				COPY_PHASE_STRIP = NO;
				DEBUG_INFORMATION_FORMAT = dwarf;
				ENABLE_STRICT_OBJC_MSGSEND = YES;
				ENABLE_TESTABILITY = YES;
				ENABLE_USER_SCRIPT_SANDBOXING = YES;
				GCC_C_LANGUAGE_STANDARD = gnu17;
				GCC_DYNAMIC_NO_PIC = NO;
				GCC_NO_COMMON_BLOCKS = YES;
				GCC_OPTIMIZATION_LEVEL = 0;
				GCC_PREPROCESSOR_DEFINITIONS = (
					"DEBUG=1",
					"$(inherited)",
				);
				GCC_WARN_64_TO_32_BIT_CONVERSION = YES;
				GCC_WARN_ABOUT_RETURN_TYPE = YES_ERROR;
				GCC_WARN_UNDECLARED_SELECTOR = YES;
				GCC_WARN_UNINITIALIZED_AUTOS = YES_AGGRESSIVE;
				GCC_WARN_UNUSED_FUNCTION = YES;
				GCC_WARN_UNUSED_VARIABLE = YES;
				IPHONEOS_DEPLOYMENT_TARGET = 18.2;
				LOCALIZATION_PREFERS_STRING_CATALOGS = YES;
				MTL_ENABLE_DEBUG_INFO = INCLUDE_SOURCE;
				MTL_FAST_MATH = YES;
				ONLY_ACTIVE_ARCH = YES;
				SDKROOT = iphoneos;
				SWIFT_ACTIVE_COMPILATION_CONDITIONS = "DEBUG $(inherited)";
				SWIFT_OPTIMIZATION_LEVEL = "-Onone";
			};
			name = Debug;
		};
		71C0827D2DE89C8B00CE6277 /* Release */ = {
			isa = XCBuildConfiguration;
			buildSettings = {
				ALWAYS_SEARCH_USER_PATHS = NO;
				ASSETCATALOG_COMPILER_GENERATE_SWIFT_ASSET_SYMBOL_EXTENSIONS = YES;
				CLANG_ANALYZER_NONNULL = YES;
				CLANG_ANALYZER_NUMBER_OBJECT_CONVERSION = YES_AGGRESSIVE;
				CLANG_CXX_LANGUAGE_STANDARD = "gnu++20";
				CLANG_ENABLE_MODULES = YES;
				CLANG_ENABLE_OBJC_ARC = YES;
				CLANG_ENABLE_OBJC_WEAK = YES;
				CLANG_WARN_BLOCK_CAPTURE_AUTORELEASING = YES;
				CLANG_WARN_BOOL_CONVERSION = YES;
				CLANG_WARN_COMMA = YES;
				CLANG_WARN_CONSTANT_CONVERSION = YES;
				CLANG_WARN_DEPRECATED_OBJC_IMPLEMENTATIONS = YES;
				CLANG_WARN_DIRECT_OBJC_ISA_USAGE = YES_ERROR;
				CLANG_WARN_DOCUMENTATION_COMMENTS = YES;
				CLANG_WARN_EMPTY_BODY = YES;
				CLANG_WARN_ENUM_CONVERSION = YES;
				CLANG_WARN_INFINITE_RECURSION = YES;
				CLANG_WARN_INT_CONVERSION = YES;
				CLANG_WARN_NON_LITERAL_NULL_CONVERSION = YES;
				CLANG_WARN_OBJC_IMPLICIT_RETAIN_SELF = YES;
				CLANG_WARN_OBJC_LITERAL_CONVERSION = YES;
				CLANG_WARN_OBJC_ROOT_CLASS = YES_ERROR;
				CLANG_WARN_QUOTED_INCLUDE_IN_FRAMEWORK_HEADER = YES;
				CLANG_WARN_RANGE_LOOP_ANALYSIS = YES;
				CLANG_WARN_STRICT_PROTOTYPES = YES;
				CLANG_WARN_SUSPICIOUS_MOVE = YES;
				CLANG_WARN_UNGUARDED_AVAILABILITY = YES_AGGRESSIVE;
				CLANG_WARN_UNREACHABLE_CODE = YES;
				CLANG_WARN__DUPLICATE_METHOD_MATCH = YES;
				COPY_PHASE_STRIP = NO;
				DEBUG_INFORMATION_FORMAT = "dwarf-with-dsym";
				ENABLE_NS_ASSERTIONS = NO;
				ENABLE_STRICT_OBJC_MSGSEND = YES;
				ENABLE_USER_SCRIPT_SANDBOXING = YES;
				GCC_C_LANGUAGE_STANDARD = gnu17;
				GCC_NO_COMMON_BLOCKS = YES;
				GCC_WARN_64_TO_32_BIT_CONVERSION = YES;
				GCC_WARN_ABOUT_RETURN_TYPE = YES_ERROR;
				GCC_WARN_UNDECLARED_SELECTOR = YES;
				GCC_WARN_UNINITIALIZED_AUTOS = YES_AGGRESSIVE;
				GCC_WARN_UNUSED_FUNCTION = YES;
				GCC_WARN_UNUSED_VARIABLE = YES;
				IPHONEOS_DEPLOYMENT_TARGET = 18.2;
				LOCALIZATION_PREFERS_STRING_CATALOGS = YES;
				MTL_ENABLE_DEBUG_INFO = NO;
				MTL_FAST_MATH = YES;
				SDKROOT = iphoneos;
				SWIFT_COMPILATION_MODE = wholemodule;
				VALIDATE_PRODUCT = YES;
			};
			name = Release;
		};
		71C0827F2DE89C8B00CE6277 /* Debug */ = {
			isa = XCBuildConfiguration;
			buildSettings = {
				BUNDLE_LOADER = "$(TEST_HOST)";
				CODE_SIGN_STYLE = Automatic;
				CURRENT_PROJECT_VERSION = 1;
				DEVELOPMENT_TEAM = U9L423V2BW;
				GENERATE_INFOPLIST_FILE = YES;
				IPHONEOS_DEPLOYMENT_TARGET = 18.2;
				MARKETING_VERSION = 1.0;
				PRODUCT_BUNDLE_IDENTIFIER = io.ONMYovel.CucumberSwiftDemoTests;
				PRODUCT_NAME = "$(TARGET_NAME)";
				SWIFT_EMIT_LOC_STRINGS = NO;
				SWIFT_VERSION = 5.0;
				TARGETED_DEVICE_FAMILY = "1,2";
				TEST_HOST = "$(BUILT_PRODUCTS_DIR)/CucumberSwiftDemo.app/$(BUNDLE_EXECUTABLE_FOLDER_PATH)/CucumberSwiftDemo";
			};
			name = Debug;
		};
		71C082802DE89C8B00CE6277 /* Release */ = {
			isa = XCBuildConfiguration;
			buildSettings = {
				BUNDLE_LOADER = "$(TEST_HOST)";
				CODE_SIGN_STYLE = Automatic;
				CURRENT_PROJECT_VERSION = 1;
				DEVELOPMENT_TEAM = U9L423V2BW;
				GENERATE_INFOPLIST_FILE = YES;
				IPHONEOS_DEPLOYMENT_TARGET = 18.2;
				MARKETING_VERSION = 1.0;
				PRODUCT_BUNDLE_IDENTIFIER = io.ONMYovel.CucumberSwiftDemoTests;
				PRODUCT_NAME = "$(TARGET_NAME)";
				SWIFT_EMIT_LOC_STRINGS = NO;
				SWIFT_VERSION = 5.0;
				TARGETED_DEVICE_FAMILY = "1,2";
				TEST_HOST = "$(BUILT_PRODUCTS_DIR)/CucumberSwiftDemo.app/$(BUNDLE_EXECUTABLE_FOLDER_PATH)/CucumberSwiftDemo";
			};
			name = Release;
		};
		71C082822DE89C8B00CE6277 /* Debug */ = {
			isa = XCBuildConfiguration;
			buildSettings = {
				CLANG_ENABLE_MODULES = YES;
				CODE_SIGN_STYLE = Automatic;
				CURRENT_PROJECT_VERSION = 1;
				DEVELOPMENT_TEAM = 72TP2Z9K53;
				GENERATE_INFOPLIST_FILE = YES;
				INFOPLIST_FILE = "$(SRCROOT)/CucumberSwiftDemoUITests/Info.plist";
				MARKETING_VERSION = 1.0;
				PRODUCT_BUNDLE_IDENTIFIER = io.ONMYovel.CucumberSwiftDemoUITests;
				PRODUCT_NAME = "$(TARGET_NAME)";
				SWIFT_EMIT_LOC_STRINGS = NO;
				SWIFT_OPTIMIZATION_LEVEL = "-Onone";
				SWIFT_VERSION = 5.0;
				TARGETED_DEVICE_FAMILY = "1,2";
				TEST_HOST = "";
				TEST_TARGET_NAME = CucumberSwiftDemo;
			};
			name = Debug;
		};
		71C082832DE89C8B00CE6277 /* Release */ = {
			isa = XCBuildConfiguration;
			buildSettings = {
				CLANG_ENABLE_MODULES = YES;
				CODE_SIGN_STYLE = Automatic;
				CURRENT_PROJECT_VERSION = 1;
				DEVELOPMENT_TEAM = 72TP2Z9K53;
				GENERATE_INFOPLIST_FILE = YES;
				INFOPLIST_FILE = "$(SRCROOT)/CucumberSwiftDemoUITests/Info.plist";
				MARKETING_VERSION = 1.0;
				PRODUCT_BUNDLE_IDENTIFIER = io.ONMYovel.CucumberSwiftDemoUITests;
				PRODUCT_NAME = "$(TARGET_NAME)";
				SWIFT_EMIT_LOC_STRINGS = NO;
				SWIFT_VERSION = 5.0;
				TARGETED_DEVICE_FAMILY = "1,2";
				TEST_HOST = "";
				TEST_TARGET_NAME = CucumberSwiftDemo;
			};
			name = Release;
		};
/* End XCBuildConfiguration section */

/* Begin XCConfigurationList section */
		71C0824B2DE89C8900CE6277 /* Build configuration list for PBXProject "CucumberSwiftDemo" */ = {
			isa = XCConfigurationList;
			buildConfigurations = (
				71C0827C2DE89C8B00CE6277 /* Debug */,
				71C0827D2DE89C8B00CE6277 /* Release */,
			);
			defaultConfigurationIsVisible = 0;
			defaultConfigurationName = Release;
		};
		71C082792DE89C8B00CE6277 /* Build configuration list for PBXNativeTarget "CucumberSwiftDemo" */ = {
			isa = XCConfigurationList;
			buildConfigurations = (
				71C0827A2DE89C8B00CE6277 /* Debug */,
				71C0827B2DE89C8B00CE6277 /* Release */,
			);
			defaultConfigurationIsVisible = 0;
			defaultConfigurationName = Release;
		};
		71C0827E2DE89C8B00CE6277 /* Build configuration list for PBXNativeTarget "CucumberSwiftDemoTests" */ = {
			isa = XCConfigurationList;
			buildConfigurations = (
				71C0827F2DE89C8B00CE6277 /* Debug */,
				71C082802DE89C8B00CE6277 /* Release */,
			);
			defaultConfigurationIsVisible = 0;
			defaultConfigurationName = Release;
		};
		71C082812DE89C8B00CE6277 /* Build configuration list for PBXNativeTarget "CucumberSwiftDemoUITests" */ = {
			isa = XCConfigurationList;
			buildConfigurations = (
				71C082822DE89C8B00CE6277 /* Debug */,
				71C082832DE89C8B00CE6277 /* Release */,
			);
			defaultConfigurationIsVisible = 0;
			defaultConfigurationName = Release;
		};
/* End XCConfigurationList section */

/* Begin XCRemoteSwiftPackageReference section */
		71C082952DE8BBB800CE6277 /* XCRemoteSwiftPackageReference "CucumberSwift" */ = {
			isa = XCRemoteSwiftPackageReference;
			repositoryURL = "https://github.com/cucumberswift/CucumberSwift";
			requirement = {
				kind = upToNextMajorVersion;
				minimumVersion = 5.0.3;
			};
		};
/* End XCRemoteSwiftPackageReference section */

/* Begin XCSwiftPackageProductDependency section */
		71C082962DE8BBB800CE6277 /* CucumberSwift */ = {
			isa = XCSwiftPackageProductDependency;
			package = 71C082952DE8BBB800CE6277 /* XCRemoteSwiftPackageReference "CucumberSwift" */;
			productName = CucumberSwift;
		};
/* End XCSwiftPackageProductDependency section */
	};
	rootObject = 71C082482DE89C8900CE6277 /* Project object */;
}
